// !$*UTF8*$!
{
	archiveVersion = 1;
	classes = {
	};
	objectVersion = 77;
	objects = {

/* Begin PBXBuildFile section */
		2CD4A9482E5F07DE00B45C8F /* SideMenu in Frameworks */ = {isa = PBXBuildFile; productRef = 2CD4A9472E5F07DE00B45C8F /* SideMenu */; };
		2E3F84412DD43B10002C1EE1 /* FirebaseAuth in Frameworks */ = {isa = PBXBuildFile; productRef = 2E3F84402DD43B10002C1EE1 /* FirebaseAuth */; };
		2E3F84442DD43C8F002C1EE1 /* GoogleSignIn in Frameworks */ = {isa = PBXBuildFile; productRef = 2E3F84432DD43C8F002C1EE1 /* GoogleSignIn */; };
		2E3F84462DD4952B002C1EE1 /* FirebaseStorage in Frameworks */ = {isa = PBXBuildFile; productRef = 2E3F84452DD4952B002C1EE1 /* FirebaseStorage */; };
		5556FEC32DDDE51A004E76FF /* FirebaseFirestore in Frameworks */ = {isa = PBXBuildFile; productRef = 5556FEC22DDDE51A004E76FF /* FirebaseFirestore */; };
/* End PBXBuildFile section */

/* Begin PBXContainerItemProxy section */
		2EA832062D65F58500CAA38E /* PBXContainerItemProxy */ = {
			isa = PBXContainerItemProxy;
			containerPortal = 2EA831E72D65F58300CAA38E /* Project object */;
			proxyType = 1;
			remoteGlobalIDString = 2EA831EE2D65F58300CAA38E;
			remoteInfo = "Hiroo App";
		};
		2EA832102D65F58500CAA38E /* PBXContainerItemProxy */ = {
			isa = PBXContainerItemProxy;
			containerPortal = 2EA831E72D65F58300CAA38E /* Project object */;
			proxyType = 1;
			remoteGlobalIDString = 2EA831EE2D65F58300CAA38E;
			remoteInfo = "Hiroo App";
		};
/* End PBXContainerItemProxy section */

/* Begin PBXFileReference section */
		2EA831EF2D65F58300CAA38E /* Hiroo App.app */ = {isa = PBXFileReference; explicitFileType = wrapper.application; includeInIndex = 0; path = "Hiroo App.app"; sourceTree = BUILT_PRODUCTS_DIR; };
		2EA832052D65F58500CAA38E /* Hiroo AppTests.xctest */ = {isa = PBXFileReference; explicitFileType = wrapper.cfbundle; includeInIndex = 0; path = "Hiroo AppTests.xctest"; sourceTree = BUILT_PRODUCTS_DIR; };
		2EA8320F2D65F58500CAA38E /* Hiroo AppUITests.xctest */ = {isa = PBXFileReference; explicitFileType = wrapper.cfbundle; includeInIndex = 0; path = "Hiroo AppUITests.xctest"; sourceTree = BUILT_PRODUCTS_DIR; };
/* End PBXFileReference section */

/* Begin PBXFileSystemSynchronizedBuildFileExceptionSet section */
		2EA832172D65F58500CAA38E /* Exceptions for "Hiroo App" folder in "Hiroo App" target */ = {
			isa = PBXFileSystemSynchronizedBuildFileExceptionSet;
			membershipExceptions = (
				Info.plist,
			);
			target = 2EA831EE2D65F58300CAA38E /* Hiroo App */;
		};
/* End PBXFileSystemSynchronizedBuildFileExceptionSet section */

/* Begin PBXFileSystemSynchronizedRootGroup section */
		2EA831F12D65F58300CAA38E /* Hiroo App */ = {
			isa = PBXFileSystemSynchronizedRootGroup;
			exceptions = (
				2EA832172D65F58500CAA38E /* Exceptions for "Hiroo App" folder in "Hiroo App" target */,
			);
			path = "Hiroo App";
			sourceTree = "<group>";
		};
		2EA832082D65F58500CAA38E /* Hiroo AppTests */ = {
			isa = PBXFileSystemSynchronizedRootGroup;
			path = "Hiroo AppTests";
			sourceTree = "<group>";
		};
		2EA832122D65F58500CAA38E /* Hiroo AppUITests */ = {
			isa = PBXFileSystemSynchronizedRootGroup;
			path = "Hiroo AppUITests";
			sourceTree = "<group>";
		};
/* End PBXFileSystemSynchronizedRootGroup section */

/* Begin PBXFrameworksBuildPhase section */
		2EA831EC2D65F58300CAA38E /* Frameworks */ = {
			isa = PBXFrameworksBuildPhase;
			buildActionMask = 2147483647;
			files = (
				2E3F84412DD43B10002C1EE1 /* FirebaseAuth in Frameworks */,
				5556FEC32DDDE51A004E76FF /* FirebaseFirestore in Frameworks */,
				2E3F84442DD43C8F002C1EE1 /* GoogleSignIn in Frameworks */,
				2CD4A9482E5F07DE00B45C8F /* SideMenu in Frameworks */,
				2E3F84462DD4952B002C1EE1 /* FirebaseStorage in Frameworks */,
			);
			runOnlyForDeploymentPostprocessing = 0;
		};
		2EA832022D65F58500CAA38E /* Frameworks */ = {
			isa = PBXFrameworksBuildPhase;
			buildActionMask = 2147483647;
			files = (
			);
			runOnlyForDeploymentPostprocessing = 0;
		};
		2EA8320C2D65F58500CAA38E /* Frameworks */ = {
			isa = PBXFrameworksBuildPhase;
			buildActionMask = 2147483647;
			files = (
			);
			runOnlyForDeploymentPostprocessing = 0;
		};
/* End PBXFrameworksBuildPhase section */

/* Begin PBXGroup section */
		2EA831E62D65F58300CAA38E = {
			isa = PBXGroup;
			children = (
				2EA831F12D65F58300CAA38E /* Hiroo App */,
				2EA832082D65F58500CAA38E /* Hiroo AppTests */,
				2EA832122D65F58500CAA38E /* Hiroo AppUITests */,
				2EA831F02D65F58300CAA38E /* Products */,
			);
			sourceTree = "<group>";
		};
		2EA831F02D65F58300CAA38E /* Products */ = {
			isa = PBXGroup;
			children = (
				2EA831EF2D65F58300CAA38E /* Hiroo App.app */,
				2EA832052D65F58500CAA38E /* Hiroo AppTests.xctest */,
				2EA8320F2D65F58500CAA38E /* Hiroo AppUITests.xctest */,
			);
			name = Products;
			sourceTree = "<group>";
		};
/* End PBXGroup section */

/* Begin PBXNativeTarget section */
		2EA831EE2D65F58300CAA38E /* Hiroo App */ = {
			isa = PBXNativeTarget;
			buildConfigurationList = 2EA832182D65F58500CAA38E /* Build configuration list for PBXNativeTarget "Hiroo App" */;
			buildPhases = (
				2EA831EB2D65F58300CAA38E /* Sources */,
				2EA831EC2D65F58300CAA38E /* Frameworks */,
				2EA831ED2D65F58300CAA38E /* Resources */,
			);
			buildRules = (
			);
			dependencies = (
			);
			fileSystemSynchronizedGroups = (
				2EA831F12D65F58300CAA38E /* Hiroo App */,
			);
			name = "Hiroo App";
			packageProductDependencies = (
				2E3F84402DD43B10002C1EE1 /* FirebaseAuth */,
				2E3F84432DD43C8F002C1EE1 /* GoogleSignIn */,
				2E3F84452DD4952B002C1EE1 /* FirebaseStorage */,
				5556FEC22DDDE51A004E76FF /* FirebaseFirestore */,
				2CD4A9472E5F07DE00B45C8F /* SideMenu */,
			);
			productName = "Hiroo App";
			productReference = 2EA831EF2D65F58300CAA38E /* Hiroo App.app */;
			productType = "com.apple.product-type.application";
		};
		2EA832042D65F58500CAA38E /* Hiroo AppTests */ = {
			isa = PBXNativeTarget;
			buildConfigurationList = 2EA8321D2D65F58500CAA38E /* Build configuration list for PBXNativeTarget "Hiroo AppTests" */;
			buildPhases = (
				2EA832012D65F58500CAA38E /* Sources */,
				2EA832022D65F58500CAA38E /* Frameworks */,
				2EA832032D65F58500CAA38E /* Resources */,
			);
			buildRules = (
			);
			dependencies = (
				2EA832072D65F58500CAA38E /* PBXTargetDependency */,
			);
			fileSystemSynchronizedGroups = (
				2EA832082D65F58500CAA38E /* Hiroo AppTests */,
			);
			name = "Hiroo AppTests";
			packageProductDependencies = (
			);
			productName = "Hiroo AppTests";
			productReference = 2EA832052D65F58500CAA38E /* Hiroo AppTests.xctest */;
			productType = "com.apple.product-type.bundle.unit-test";
		};
		2EA8320E2D65F58500CAA38E /* Hiroo AppUITests */ = {
			isa = PBXNativeTarget;
			buildConfigurationList = 2EA832202D65F58500CAA38E /* Build configuration list for PBXNativeTarget "Hiroo AppUITests" */;
			buildPhases = (
				2EA8320B2D65F58500CAA38E /* Sources */,
				2EA8320C2D65F58500CAA38E /* Frameworks */,
				2EA8320D2D65F58500CAA38E /* Resources */,
			);
			buildRules = (
			);
			dependencies = (
				2EA832112D65F58500CAA38E /* PBXTargetDependency */,
			);
			fileSystemSynchronizedGroups = (
				2EA832122D65F58500CAA38E /* Hiroo AppUITests */,
			);
			name = "Hiroo AppUITests";
			packageProductDependencies = (
			);
			productName = "Hiroo AppUITests";
			productReference = 2EA8320F2D65F58500CAA38E /* Hiroo AppUITests.xctest */;
			productType = "com.apple.product-type.bundle.ui-testing";
		};
/* End PBXNativeTarget section */

/* Begin PBXProject section */
		2EA831E72D65F58300CAA38E /* Project object */ = {
			isa = PBXProject;
			attributes = {
				BuildIndependentTargetsInParallel = 1;
				LastSwiftUpdateCheck = 1620;
				LastUpgradeCheck = 1620;
				TargetAttributes = {
					2EA831EE2D65F58300CAA38E = {
						CreatedOnToolsVersion = 16.2;
					};
					2EA832042D65F58500CAA38E = {
						CreatedOnToolsVersion = 16.2;
						TestTargetID = 2EA831EE2D65F58300CAA38E;
					};
					2EA8320E2D65F58500CAA38E = {
						CreatedOnToolsVersion = 16.2;
						TestTargetID = 2EA831EE2D65F58300CAA38E;
					};
				};
			};
			buildConfigurationList = 2EA831EA2D65F58300CAA38E /* Build configuration list for PBXProject "Hiroo App" */;
			developmentRegion = en;
			hasScannedForEncodings = 0;
			knownRegions = (
				en,
				Base,
			);
			mainGroup = 2EA831E62D65F58300CAA38E;
			minimizedProjectReferenceProxies = 1;
			packageReferences = (
				2E3F843F2DD43B10002C1EE1 /* XCRemoteSwiftPackageReference "firebase-ios-sdk" */,
				2E3F84422DD43C8F002C1EE1 /* XCRemoteSwiftPackageReference "GoogleSignIn-iOS" */,
				2CD4A9462E5F069E00B45C8F /* XCRemoteSwiftPackageReference "SideMenu" */,
			);
			preferredProjectObjectVersion = 77;
			productRefGroup = 2EA831F02D65F58300CAA38E /* Products */;
			projectDirPath = "";
			projectRoot = "";
			targets = (
				2EA831EE2D65F58300CAA38E /* Hiroo App */,
				2EA832042D65F58500CAA38E /* Hiroo AppTests */,
				2EA8320E2D65F58500CAA38E /* Hiroo AppUITests */,
			);
		};
/* End PBXProject section */

/* Begin PBXResourcesBuildPhase section */
		2EA831ED2D65F58300CAA38E /* Resources */ = {
			isa = PBXResourcesBuildPhase;
			buildActionMask = 2147483647;
			files = (
			);
			runOnlyForDeploymentPostprocessing = 0;
		};
		2EA832032D65F58500CAA38E /* Resources */ = {
			isa = PBXResourcesBuildPhase;
			buildActionMask = 2147483647;
			files = (
			);
			runOnlyForDeploymentPostprocessing = 0;
		};
		2EA8320D2D65F58500CAA38E /* Resources */ = {
			isa = PBXResourcesBuildPhase;
			buildActionMask = 2147483647;
			files = (
			);
			runOnlyForDeploymentPostprocessing = 0;
		};
/* End PBXResourcesBuildPhase section */

/* Begin PBXSourcesBuildPhase section */
		2EA831EB2D65F58300CAA38E /* Sources */ = {
			isa = PBXSourcesBuildPhase;
			buildActionMask = 2147483647;
			files = (
			);
			runOnlyForDeploymentPostprocessing = 0;
		};
		2EA832012D65F58500CAA38E /* Sources */ = {
			isa = PBXSourcesBuildPhase;
			buildActionMask = 2147483647;
			files = (
			);
			runOnlyForDeploymentPostprocessing = 0;
		};
		2EA8320B2D65F58500CAA38E /* Sources */ = {
			isa = PBXSourcesBuildPhase;
			buildActionMask = 2147483647;
			files = (
			);
			runOnlyForDeploymentPostprocessing = 0;
		};
/* End PBXSourcesBuildPhase section */

/* Begin PBXTargetDependency section */
		2EA832072D65F58500CAA38E /* PBXTargetDependency */ = {
			isa = PBXTargetDependency;
			target = 2EA831EE2D65F58300CAA38E /* Hiroo App */;
			targetProxy = 2EA832062D65F58500CAA38E /* PBXContainerItemProxy */;
		};
		2EA832112D65F58500CAA38E /* PBXTargetDependency */ = {
			isa = PBXTargetDependency;
			target = 2EA831EE2D65F58300CAA38E /* Hiroo App */;
			targetProxy = 2EA832102D65F58500CAA38E /* PBXContainerItemProxy */;
		};
/* End PBXTargetDependency section */

/* Begin XCBuildConfiguration section */
		2EA832192D65F58500CAA38E /* Debug */ = {
			isa = XCBuildConfiguration;
			buildSettings = {
				ASSETCATALOG_COMPILER_APPICON_NAME = AppIcon;
				ASSETCATALOG_COMPILER_GLOBAL_ACCENT_COLOR_NAME = AccentColor;
				CODE_SIGN_STYLE = Automatic;
				CURRENT_PROJECT_VERSION = 1;
				DEVELOPMENT_TEAM = GSLAW378RQ;
				GENERATE_INFOPLIST_FILE = YES;
				INFOPLIST_FILE = "Hiroo App/Info.plist";
				INFOPLIST_KEY_UIApplicationSupportsIndirectInputEvents = YES;
				INFOPLIST_KEY_UILaunchStoryboardName = LaunchScreen;
				INFOPLIST_KEY_UIMainStoryboardFile = Main;
				INFOPLIST_KEY_UISupportedInterfaceOrientations_iPad = "UIInterfaceOrientationPortrait UIInterfaceOrientationPortraitUpsideDown UIInterfaceOrientationLandscapeLeft UIInterfaceOrientationLandscapeRight";
				INFOPLIST_KEY_UISupportedInterfaceOrientations_iPhone = "UIInterfaceOrientationPortrait UIInterfaceOrientationLandscapeLeft UIInterfaceOrientationLandscapeRight";
				IPHONEOS_DEPLOYMENT_TARGET = 17.5;
				LD_RUNPATH_SEARCH_PATHS = (
					"$(inherited)",
					"@executable_path/Frameworks",
				);
				MARKETING_VERSION = 1.0;
				PRODUCT_BUNDLE_IDENTIFIER = "app.sasaki.ui.Hiroo-App";
				PRODUCT_NAME = "$(TARGET_NAME)";
				SWIFT_EMIT_LOC_STRINGS = YES;
				SWIFT_VERSION = 5.0;
				TARGETED_DEVICE_FAMILY = "1,2";
			};
			name = Debug;
		};
		2EA8321A2D65F58500CAA38E /* Release */ = {
			isa = XCBuildConfiguration;
			buildSettings = {
				ASSETCATALOG_COMPILER_APPICON_NAME = AppIcon;
				ASSETCATALOG_COMPILER_GLOBAL_ACCENT_COLOR_NAME = AccentColor;
				CODE_SIGN_STYLE = Automatic;
				CURRENT_PROJECT_VERSION = 1;
				DEVELOPMENT_TEAM = GSLAW378RQ;
				GENERATE_INFOPLIST_FILE = YES;
				INFOPLIST_FILE = "Hiroo App/Info.plist";
				INFOPLIST_KEY_UIApplicationSupportsIndirectInputEvents = YES;
				INFOPLIST_KEY_UILaunchStoryboardName = LaunchScreen;
				INFOPLIST_KEY_UIMainStoryboardFile = Main;
				INFOPLIST_KEY_UISupportedInterfaceOrientations_iPad = "UIInterfaceOrientationPortrait UIInterfaceOrientationPortraitUpsideDown UIInterfaceOrientationLandscapeLeft UIInterfaceOrientationLandscapeRight";
				INFOPLIST_KEY_UISupportedInterfaceOrientations_iPhone = "UIInterfaceOrientationPortrait UIInterfaceOrientationLandscapeLeft UIInterfaceOrientationLandscapeRight";
				IPHONEOS_DEPLOYMENT_TARGET = 17.5;
				LD_RUNPATH_SEARCH_PATHS = (
					"$(inherited)",
					"@executable_path/Frameworks",
				);
				MARKETING_VERSION = 1.0;
				PRODUCT_BUNDLE_IDENTIFIER = "app.sasaki.ui.Hiroo-App";
				PRODUCT_NAME = "$(TARGET_NAME)";
				SWIFT_EMIT_LOC_STRINGS = YES;
				SWIFT_VERSION = 5.0;
				TARGETED_DEVICE_FAMILY = "1,2";
			};
			name = Release;
		};
		2EA8321B2D65F58500CAA38E /* Debug */ = {
			isa = XCBuildConfiguration;
			buildSettings = {
				ALWAYS_SEARCH_USER_PATHS = NO;
				ASSETCATALOG_COMPILER_GENERATE_SWIFT_ASSET_SYMBOL_EXTENSIONS = YES;
				CLANG_ANALYZER_NONNULL = YES;
				CLANG_ANALYZER_NUMBER_OBJECT_CONVERSION = YES_AGGRESSIVE;
				CLANG_CXX_LANGUAGE_STANDARD = "gnu++20";
				CLANG_ENABLE_MODULES = YES;
				CLANG_ENABLE_OBJC_ARC = YES;
				CLANG_ENABLE_OBJC_WEAK = YES;
				CLANG_WARN_BLOCK_CAPTURE_AUTORELEASING = YES;
				CLANG_WARN_BOOL_CONVERSION = YES;
				CLANG_WARN_COMMA = YES;
				CLANG_WARN_CONSTANT_CONVERSION = YES;
				CLANG_WARN_DEPRECATED_OBJC_IMPLEMENTATIONS = YES;
				CLANG_WARN_DIRECT_OBJC_ISA_USAGE = YES_ERROR;
				CLANG_WARN_DOCUMENTATION_COMMENTS = YES;
				CLANG_WARN_EMPTY_BODY = YES;
				CLANG_WARN_ENUM_CONVERSION = YES;
				CLANG_WARN_INFINITE_RECURSION = YES;
				CLANG_WARN_INT_CONVERSION = YES;
				CLANG_WARN_NON_LITERAL_NULL_CONVERSION = YES;
				CLANG_WARN_OBJC_IMPLICIT_RETAIN_SELF = YES;
				CLANG_WARN_OBJC_LITERAL_CONVERSION = YES;
				CLANG_WARN_OBJC_ROOT_CLASS = YES_ERROR;
				CLANG_WARN_QUOTED_INCLUDE_IN_FRAMEWORK_HEADER = YES;
				CLANG_WARN_RANGE_LOOP_ANALYSIS = YES;
				CLANG_WARN_STRICT_PROTOTYPES = YES;
				CLANG_WARN_SUSPICIOUS_MOVE = YES;
				CLANG_WARN_UNGUARDED_AVAILABILITY = YES_AGGRESSIVE;
				CLANG_WARN_UNREACHABLE_CODE = YES;
				CLANG_WARN__DUPLICATE_METHOD_MATCH = YES;
				COPY_PHASE_STRIP = NO;
				DEBUG_INFORMATION_FORMAT = dwarf;
				ENABLE_STRICT_OBJC_MSGSEND = YES;
				ENABLE_TESTABILITY = YES;
				ENABLE_USER_SCRIPT_SANDBOXING = YES;
				GCC_C_LANGUAGE_STANDARD = gnu17;
				GCC_DYNAMIC_NO_PIC = NO;
				GCC_NO_COMMON_BLOCKS = YES;
				GCC_OPTIMIZATION_LEVEL = 0;
				GCC_PREPROCESSOR_DEFINITIONS = (
					"DEBUG=1",
					"$(inherited)",
				);
				GCC_WARN_64_TO_32_BIT_CONVERSION = YES;
				GCC_WARN_ABOUT_RETURN_TYPE = YES_ERROR;
				GCC_WARN_UNDECLARED_SELECTOR = YES;
				GCC_WARN_UNINITIALIZED_AUTOS = YES_AGGRESSIVE;
				GCC_WARN_UNUSED_FUNCTION = YES;
				GCC_WARN_UNUSED_VARIABLE = YES;
				IPHONEOS_DEPLOYMENT_TARGET = 18.2;
				LOCALIZATION_PREFERS_STRING_CATALOGS = YES;
				MTL_ENABLE_DEBUG_INFO = INCLUDE_SOURCE;
				MTL_FAST_MATH = YES;
				ONLY_ACTIVE_ARCH = YES;
				SDKROOT = iphoneos;
				SWIFT_ACTIVE_COMPILATION_CONDITIONS = "DEBUG $(inherited)";
				SWIFT_OPTIMIZATION_LEVEL = "-Onone";
			};
			name = Debug;
		};
		2EA8321C2D65F58500CAA38E /* Release */ = {
			isa = XCBuildConfiguration;
			buildSettings = {
				ALWAYS_SEARCH_USER_PATHS = NO;
				ASSETCATALOG_COMPILER_GENERATE_SWIFT_ASSET_SYMBOL_EXTENSIONS = YES;
				CLANG_ANALYZER_NONNULL = YES;
				CLANG_ANALYZER_NUMBER_OBJECT_CONVERSION = YES_AGGRESSIVE;
				CLANG_CXX_LANGUAGE_STANDARD = "gnu++20";
				CLANG_ENABLE_MODULES = YES;
				CLANG_ENABLE_OBJC_ARC = YES;
				CLANG_ENABLE_OBJC_WEAK = YES;
				CLANG_WARN_BLOCK_CAPTURE_AUTORELEASING = YES;
				CLANG_WARN_BOOL_CONVERSION = YES;
				CLANG_WARN_COMMA = YES;
				CLANG_WARN_CONSTANT_CONVERSION = YES;
				CLANG_WARN_DEPRECATED_OBJC_IMPLEMENTATIONS = YES;
				CLANG_WARN_DIRECT_OBJC_ISA_USAGE = YES_ERROR;
				CLANG_WARN_DOCUMENTATION_COMMENTS = YES;
				CLANG_WARN_EMPTY_BODY = YES;
				CLANG_WARN_ENUM_CONVERSION = YES;
				CLANG_WARN_INFINITE_RECURSION = YES;
				CLANG_WARN_INT_CONVERSION = YES;
				CLANG_WARN_NON_LITERAL_NULL_CONVERSION = YES;
				CLANG_WARN_OBJC_IMPLICIT_RETAIN_SELF = YES;
				CLANG_WARN_OBJC_LITERAL_CONVERSION = YES;
				CLANG_WARN_OBJC_ROOT_CLASS = YES_ERROR;
				CLANG_WARN_QUOTED_INCLUDE_IN_FRAMEWORK_HEADER = YES;
				CLANG_WARN_RANGE_LOOP_ANALYSIS = YES;
				CLANG_WARN_STRICT_PROTOTYPES = YES;
				CLANG_WARN_SUSPICIOUS_MOVE = YES;
				CLANG_WARN_UNGUARDED_AVAILABILITY = YES_AGGRESSIVE;
				CLANG_WARN_UNREACHABLE_CODE = YES;
				CLANG_WARN__DUPLICATE_METHOD_MATCH = YES;
				COPY_PHASE_STRIP = NO;
				DEBUG_INFORMATION_FORMAT = "dwarf-with-dsym";
				ENABLE_NS_ASSERTIONS = NO;
				ENABLE_STRICT_OBJC_MSGSEND = YES;
				ENABLE_USER_SCRIPT_SANDBOXING = YES;
				GCC_C_LANGUAGE_STANDARD = gnu17;
				GCC_NO_COMMON_BLOCKS = YES;
				GCC_WARN_64_TO_32_BIT_CONVERSION = YES;
				GCC_WARN_ABOUT_RETURN_TYPE = YES_ERROR;
				GCC_WARN_UNDECLARED_SELECTOR = YES;
				GCC_WARN_UNINITIALIZED_AUTOS = YES_AGGRESSIVE;
				GCC_WARN_UNUSED_FUNCTION = YES;
				GCC_WARN_UNUSED_VARIABLE = YES;
				IPHONEOS_DEPLOYMENT_TARGET = 18.2;
				LOCALIZATION_PREFERS_STRING_CATALOGS = YES;
				MTL_ENABLE_DEBUG_INFO = NO;
				MTL_FAST_MATH = YES;
				SDKROOT = iphoneos;
				SWIFT_COMPILATION_MODE = wholemodule;
				VALIDATE_PRODUCT = YES;
			};
			name = Release;
		};
		2EA8321E2D65F58500CAA38E /* Debug */ = {
			isa = XCBuildConfiguration;
			buildSettings = {
				BUNDLE_LOADER = "$(TEST_HOST)";
				CODE_SIGN_STYLE = Automatic;
				CURRENT_PROJECT_VERSION = 1;
				GENERATE_INFOPLIST_FILE = YES;
				IPHONEOS_DEPLOYMENT_TARGET = 18.2;
				MARKETING_VERSION = 1.0;
				PRODUCT_BUNDLE_IDENTIFIER = "app.sasaki.ui.Hiroo-AppTests";
				PRODUCT_NAME = "$(TARGET_NAME)";
				SWIFT_EMIT_LOC_STRINGS = NO;
				SWIFT_VERSION = 5.0;
				TARGETED_DEVICE_FAMILY = "1,2";
				TEST_HOST = "$(BUILT_PRODUCTS_DIR)/Hiroo App.app/$(BUNDLE_EXECUTABLE_FOLDER_PATH)/Hiroo App";
			};
			name = Debug;
		};
		2EA8321F2D65F58500CAA38E /* Release */ = {
			isa = XCBuildConfiguration;
			buildSettings = {
				BUNDLE_LOADER = "$(TEST_HOST)";
				CODE_SIGN_STYLE = Automatic;
				CURRENT_PROJECT_VERSION = 1;
				GENERATE_INFOPLIST_FILE = YES;
				IPHONEOS_DEPLOYMENT_TARGET = 18.2;
				MARKETING_VERSION = 1.0;
				PRODUCT_BUNDLE_IDENTIFIER = "app.sasaki.ui.Hiroo-AppTests";
				PRODUCT_NAME = "$(TARGET_NAME)";
				SWIFT_EMIT_LOC_STRINGS = NO;
				SWIFT_VERSION = 5.0;
				TARGETED_DEVICE_FAMILY = "1,2";
				TEST_HOST = "$(BUILT_PRODUCTS_DIR)/Hiroo App.app/$(BUNDLE_EXECUTABLE_FOLDER_PATH)/Hiroo App";
			};
			name = Release;
		};
		2EA832212D65F58500CAA38E /* Debug */ = {
			isa = XCBuildConfiguration;
			buildSettings = {
				CODE_SIGN_STYLE = Automatic;
				CURRENT_PROJECT_VERSION = 1;
				GENERATE_INFOPLIST_FILE = YES;
				MARKETING_VERSION = 1.0;
				PRODUCT_BUNDLE_IDENTIFIER = "app.sasaki.ui.Hiroo-AppUITests";
				PRODUCT_NAME = "$(TARGET_NAME)";
				SWIFT_EMIT_LOC_STRINGS = NO;
				SWIFT_VERSION = 5.0;
				TARGETED_DEVICE_FAMILY = "1,2";
				TEST_TARGET_NAME = "Hiroo App";
			};
			name = Debug;
		};
		2EA832222D65F58500CAA38E /* Release */ = {
			isa = XCBuildConfiguration;
			buildSettings = {
				CODE_SIGN_STYLE = Automatic;
				CURRENT_PROJECT_VERSION = 1;
				GENERATE_INFOPLIST_FILE = YES;
				MARKETING_VERSION = 1.0;
				PRODUCT_BUNDLE_IDENTIFIER = "app.sasaki.ui.Hiroo-AppUITests";
				PRODUCT_NAME = "$(TARGET_NAME)";
				SWIFT_EMIT_LOC_STRINGS = NO;
				SWIFT_VERSION = 5.0;
				TARGETED_DEVICE_FAMILY = "1,2";
				TEST_TARGET_NAME = "Hiroo App";
			};
			name = Release;
		};
/* End XCBuildConfiguration section */

/* Begin XCConfigurationList section */
		2EA831EA2D65F58300CAA38E /* Build configuration list for PBXProject "Hiroo App" */ = {
			isa = XCConfigurationList;
			buildConfigurations = (
				2EA8321B2D65F58500CAA38E /* Debug */,
				2EA8321C2D65F58500CAA38E /* Release */,
			);
			defaultConfigurationIsVisible = 0;
			defaultConfigurationName = Release;
		};
		2EA832182D65F58500CAA38E /* Build configuration list for PBXNativeTarget "Hiroo App" */ = {
			isa = XCConfigurationList;
			buildConfigurations = (
				2EA832192D65F58500CAA38E /* Debug */,
				2EA8321A2D65F58500CAA38E /* Release */,
			);
			defaultConfigurationIsVisible = 0;
			defaultConfigurationName = Release;
		};
		2EA8321D2D65F58500CAA38E /* Build configuration list for PBXNativeTarget "Hiroo AppTests" */ = {
			isa = XCConfigurationList;
			buildConfigurations = (
				2EA8321E2D65F58500CAA38E /* Debug */,
				2EA8321F2D65F58500CAA38E /* Release */,
			);
			defaultConfigurationIsVisible = 0;
			defaultConfigurationName = Release;
		};
		2EA832202D65F58500CAA38E /* Build configuration list for PBXNativeTarget "Hiroo AppUITests" */ = {
			isa = XCConfigurationList;
			buildConfigurations = (
				2EA832212D65F58500CAA38E /* Debug */,
				2EA832222D65F58500CAA38E /* Release */,
			);
			defaultConfigurationIsVisible = 0;
			defaultConfigurationName = Release;
		};
/* End XCConfigurationList section */

/* Begin XCRemoteSwiftPackageReference section */
		2CD4A9462E5F069E00B45C8F /* XCRemoteSwiftPackageReference "SideMenu" */ = {
			isa = XCRemoteSwiftPackageReference;
			repositoryURL = "https://github.com/jonkykong/SideMenu.git";
			requirement = {
				kind = upToNextMajorVersion;
				minimumVersion = 6.5.0;
			};
		};
		2E3F843F2DD43B10002C1EE1 /* XCRemoteSwiftPackageReference "firebase-ios-sdk" */ = {
			isa = XCRemoteSwiftPackageReference;
			repositoryURL = "https://github.com/firebase/firebase-ios-sdk";
			requirement = {
				kind = upToNextMajorVersion;
				minimumVersion = 11.12.0;
			};
		};
		2E3F84422DD43C8F002C1EE1 /* XCRemoteSwiftPackageReference "GoogleSignIn-iOS" */ = {
			isa = XCRemoteSwiftPackageReference;
			repositoryURL = "https://github.com/google/GoogleSignIn-iOS";
			requirement = {
				kind = upToNextMajorVersion;
				minimumVersion = 8.0.0;
			};
		};
/* End XCRemoteSwiftPackageReference section */

/* Begin XCSwiftPackageProductDependency section */
		2CD4A9472E5F07DE00B45C8F /* SideMenu */ = {
			isa = XCSwiftPackageProductDependency;
			package = 2CD4A9462E5F069E00B45C8F /* XCRemoteSwiftPackageReference "SideMenu" */;
			productName = SideMenu;
		};
		2E3F84402DD43B10002C1EE1 /* FirebaseAuth */ = {
			isa = XCSwiftPackageProductDependency;
			package = 2E3F843F2DD43B10002C1EE1 /* XCRemoteSwiftPackageReference "firebase-ios-sdk" */;
			productName = FirebaseAuth;
		};
		2E3F84432DD43C8F002C1EE1 /* GoogleSignIn */ = {
			isa = XCSwiftPackageProductDependency;
			package = 2E3F84422DD43C8F002C1EE1 /* XCRemoteSwiftPackageReference "GoogleSignIn-iOS" */;
			productName = GoogleSignIn;
		};
		2E3F84452DD4952B002C1EE1 /* FirebaseStorage */ = {
			isa = XCSwiftPackageProductDependency;
			package = 2E3F843F2DD43B10002C1EE1 /* XCRemoteSwiftPackageReference "firebase-ios-sdk" */;
			productName = FirebaseStorage;
		};
		5556FEC22DDDE51A004E76FF /* FirebaseFirestore */ = {
			isa = XCSwiftPackageProductDependency;
			package = 2E3F843F2DD43B10002C1EE1 /* XCRemoteSwiftPackageReference "firebase-ios-sdk" */;
			productName = FirebaseFirestore;
		};
/* End XCSwiftPackageProductDependency section */
	};
	rootObject = 2EA831E72D65F58300CAA38E /* Project object */;
}
